{
  "name": "wp-everything-image",
  "version": "1.0.0",
  "lockfileVersion": 1,
  "requires": true,
  "dependencies": {
    "vanilla-lazyload": {
      "version": "13.0.1",
      "resolved": "https://registry.npmjs.org/vanilla-lazyload/-/vanilla-lazyload-13.0.1.tgz",
      "integrity": "sha512-Mh/aLkd58w4IEYvkRjkcMvGkOYBI4FbV4ZFa/Rlzue2rcgHXPrYD0IG0lYRJkFmxsSmXzQm6/7B7JuWcXjjScg=="
    }
  }
}
